
Microsoft Visual Studio Solution File, Format Version 12.00
# Visual Studio 15
VisualStudioVersion = 15.0.27130.0
MinimumVisualStudioVersion = 10.0.40219.1
Project("{9A19103F-16F7-4668-BE54-9A1E7A4F7556}") = "OnlineStore", "OnlineStore\OnlineStore.csproj", "{2E061D8D-DB16-49B0-A963-8910CFF1E4B9}"
EndProject
Project("{9A19103F-16F7-4668-BE54-9A1E7A4F7556}") = "BusinessLogicLayer", "BusinessLogicLayer\BusinessLogicLayer.csproj", "{39D4D425-69B9-49EF-90EA-2B63A917F150}"
EndProject
Project("{9A19103F-16F7-4668-BE54-9A1E7A4F7556}") = "DataLayer", "DataLayer\DataLayer.csproj", "{546CD603-2A4E-479B-B6F0-21B677668B84}"
EndProject
Project("{9A19103F-16F7-4668-BE54-9A1E7A4F7556}") = "UnitOfWork", "UnitOfWork\UnitOfWork.csproj", "{B2ED37A5-8B4C-4A1E-82F5-0C511A94F68B}"
EndProject
Global
	GlobalSection(SolutionConfigurationPlatforms) = preSolution
		Debug|Any CPU = Debug|Any CPU
		Release|Any CPU = Release|Any CPU
	EndGlobalSection
	GlobalSection(ProjectConfigurationPlatforms) = postSolution
		{2E061D8D-DB16-49B0-A963-8910CFF1E4B9}.Debug|Any CPU.ActiveCfg = Debug|Any CPU
		{2E061D8D-DB16-49B0-A963-8910CFF1E4B9}.Debug|Any CPU.Build.0 = Debug|Any CPU
		{2E061D8D-DB16-49B0-A963-8910CFF1E4B9}.Release|Any CPU.ActiveCfg = Release|Any CPU
		{2E061D8D-DB16-49B0-A963-8910CFF1E4B9}.Release|Any CPU.Build.0 = Release|Any CPU
		{39D4D425-69B9-49EF-90EA-2B63A917F150}.Debug|Any CPU.ActiveCfg = Debug|Any CPU
		{39D4D425-69B9-49EF-90EA-2B63A917F150}.Debug|Any CPU.Build.0 = Debug|Any CPU
		{39D4D425-69B9-49EF-90EA-2B63A917F150}.Release|Any CPU.ActiveCfg = Release|Any CPU
		{39D4D425-69B9-49EF-90EA-2B63A917F150}.Release|Any CPU.Build.0 = Release|Any CPU
		{546CD603-2A4E-479B-B6F0-21B677668B84}.Debug|Any CPU.ActiveCfg = Debug|Any CPU
		{546CD603-2A4E-479B-B6F0-21B677668B84}.Debug|Any CPU.Build.0 = Debug|Any CPU
		{546CD603-2A4E-479B-B6F0-21B677668B84}.Release|Any CPU.ActiveCfg = Release|Any CPU
		{546CD603-2A4E-479B-B6F0-21B677668B84}.Release|Any CPU.Build.0 = Release|Any CPU
		{B2ED37A5-8B4C-4A1E-82F5-0C511A94F68B}.Debug|Any CPU.ActiveCfg = Debug|Any CPU
		{B2ED37A5-8B4C-4A1E-82F5-0C511A94F68B}.Debug|Any CPU.Build.0 = Debug|Any CPU
		{B2ED37A5-8B4C-4A1E-82F5-0C511A94F68B}.Release|Any CPU.ActiveCfg = Release|Any CPU
		{B2ED37A5-8B4C-4A1E-82F5-0C511A94F68B}.Release|Any CPU.Build.0 = Release|Any CPU
	EndGlobalSection
	GlobalSection(SolutionProperties) = preSolution
		HideSolutionNode = FALSE
	EndGlobalSection
	GlobalSection(ExtensibilityGlobals) = postSolution
		SolutionGuid = {CDBDCACF-1E62-48AA-8090-BD6ED4A442A7}
	EndGlobalSection
EndGlobal
